
Microsoft Visual Studio Solution File, Format Version 12.00
# Visual Studio Version 16
VisualStudioVersion = 16.0.29806.167
MinimumVisualStudioVersion = 10.0.40219.1
Project("{9A19103F-16F7-4668-BE54-9A1E7A4F7556}") = "ReservationManagementApp", "ReservationManagementApp\ReservationManagementApp.csproj", "{5C8D4703-667C-4D8C-BCB7-ECDD39761E3F}"
EndProject
Project("{FAE04EC0-301F-11D3-BF4B-00C04F79EFBC}") = "DataAccess", "DataAccess\DataAccess.csproj", "{A0F20DEF-ADC6-4EFB-B641-2458DFFC1D7C}"
EndProject
Global
	GlobalSection(SolutionConfigurationPlatforms) = preSolution
		Debug|Any CPU = Debug|Any CPU
		Release|Any CPU = Release|Any CPU
	EndGlobalSection
	GlobalSection(ProjectConfigurationPlatforms) = postSolution
		{5C8D4703-667C-4D8C-BCB7-ECDD39761E3F}.Debug|Any CPU.ActiveCfg = Debug|Any CPU
		{5C8D4703-667C-4D8C-BCB7-ECDD39761E3F}.Debug|Any CPU.Build.0 = Debug|Any CPU
		{5C8D4703-667C-4D8C-BCB7-ECDD39761E3F}.Release|Any CPU.ActiveCfg = Release|Any CPU
		{5C8D4703-667C-4D8C-BCB7-ECDD39761E3F}.Release|Any CPU.Build.0 = Release|Any CPU
		{A0F20DEF-ADC6-4EFB-B641-2458DFFC1D7C}.Debug|Any CPU.ActiveCfg = Debug|Any CPU
		{A0F20DEF-ADC6-4EFB-B641-2458DFFC1D7C}.Debug|Any CPU.Build.0 = Debug|Any CPU
		{A0F20DEF-ADC6-4EFB-B641-2458DFFC1D7C}.Release|Any CPU.ActiveCfg = Release|Any CPU
		{A0F20DEF-ADC6-4EFB-B641-2458DFFC1D7C}.Release|Any CPU.Build.0 = Release|Any CPU
	EndGlobalSection
	GlobalSection(SolutionProperties) = preSolution
		HideSolutionNode = FALSE
	EndGlobalSection
	GlobalSection(ExtensibilityGlobals) = postSolution
		SolutionGuid = {F4507A10-E044-4146-A66E-A28DD33A796D}
	EndGlobalSection
EndGlobal
