
Microsoft Visual Studio Solution File, Format Version 12.00
# Visual Studio Version 16
VisualStudioVersion = 16.0.29806.167
MinimumVisualStudioVersion = 10.0.40219.1
Project("{9A19103F-16F7-4668-BE54-9A1E7A4F7556}") = "ReservationManagementApp", "ReservationManagementApp\ReservationManagementApp.csproj", "{5C8D4703-667C-4D8C-BCB7-ECDD39761E3F}"
EndProject
Project("{9A19103F-16F7-4668-BE54-9A1E7A4F7556}") = "DataAccess", "DataAccess\DataAccess.csproj", "{A0F20DEF-ADC6-4EFB-B641-2458DFFC1D7C}"
EndProject
Project("{9A19103F-16F7-4668-BE54-9A1E7A4F7556}") = "ApiGateway", "ApiGateway\ApiGateway.csproj", "{3CC86D93-7317-4F36-BD27-97493A5D1B7E}"
EndProject
Project("{FAE04EC0-301F-11D3-BF4B-00C04F79EFBC}") = "FunctionsUser", "FunctionsUser\FunctionsUser.csproj", "{3DAD3FA6-4E5C-4BC4-A03A-0956B736F664}"
EndProject
Project("{FAE04EC0-301F-11D3-BF4B-00C04F79EFBC}") = "FunctionsService", "FunctionsService\FunctionsService.csproj", "{820D8908-004E-48C1-B473-6F1B84B82DD1}"
EndProject
Project("{FAE04EC0-301F-11D3-BF4B-00C04F79EFBC}") = "FunctionsEmployee", "FunctionsEmployee\FunctionsEmployee.csproj", "{9FDDBF82-7C9E-418C-8A4C-12010B0BAD24}"
EndProject
Project("{FAE04EC0-301F-11D3-BF4B-00C04F79EFBC}") = "FunctionsReservation", "FunctionsReservation\FunctionsReservation.csproj", "{37736975-F128-4702-839E-0E57A33BAD19}"
EndProject
Global
	GlobalSection(SolutionConfigurationPlatforms) = preSolution
		Debug|Any CPU = Debug|Any CPU
		Release|Any CPU = Release|Any CPU
	EndGlobalSection
	GlobalSection(ProjectConfigurationPlatforms) = postSolution
		{5C8D4703-667C-4D8C-BCB7-ECDD39761E3F}.Debug|Any CPU.ActiveCfg = Debug|Any CPU
		{5C8D4703-667C-4D8C-BCB7-ECDD39761E3F}.Debug|Any CPU.Build.0 = Debug|Any CPU
		{5C8D4703-667C-4D8C-BCB7-ECDD39761E3F}.Release|Any CPU.ActiveCfg = Release|Any CPU
		{5C8D4703-667C-4D8C-BCB7-ECDD39761E3F}.Release|Any CPU.Build.0 = Release|Any CPU
		{A0F20DEF-ADC6-4EFB-B641-2458DFFC1D7C}.Debug|Any CPU.ActiveCfg = Debug|Any CPU
		{A0F20DEF-ADC6-4EFB-B641-2458DFFC1D7C}.Debug|Any CPU.Build.0 = Debug|Any CPU
		{A0F20DEF-ADC6-4EFB-B641-2458DFFC1D7C}.Release|Any CPU.ActiveCfg = Release|Any CPU
		{A0F20DEF-ADC6-4EFB-B641-2458DFFC1D7C}.Release|Any CPU.Build.0 = Release|Any CPU
		{3CC86D93-7317-4F36-BD27-97493A5D1B7E}.Debug|Any CPU.ActiveCfg = Debug|Any CPU
		{3CC86D93-7317-4F36-BD27-97493A5D1B7E}.Debug|Any CPU.Build.0 = Debug|Any CPU
		{3CC86D93-7317-4F36-BD27-97493A5D1B7E}.Release|Any CPU.ActiveCfg = Release|Any CPU
		{3CC86D93-7317-4F36-BD27-97493A5D1B7E}.Release|Any CPU.Build.0 = Release|Any CPU
		{3DAD3FA6-4E5C-4BC4-A03A-0956B736F664}.Debug|Any CPU.ActiveCfg = Debug|Any CPU
		{3DAD3FA6-4E5C-4BC4-A03A-0956B736F664}.Debug|Any CPU.Build.0 = Debug|Any CPU
		{3DAD3FA6-4E5C-4BC4-A03A-0956B736F664}.Release|Any CPU.ActiveCfg = Release|Any CPU
		{3DAD3FA6-4E5C-4BC4-A03A-0956B736F664}.Release|Any CPU.Build.0 = Release|Any CPU
		{820D8908-004E-48C1-B473-6F1B84B82DD1}.Debug|Any CPU.ActiveCfg = Debug|Any CPU
		{820D8908-004E-48C1-B473-6F1B84B82DD1}.Debug|Any CPU.Build.0 = Debug|Any CPU
		{820D8908-004E-48C1-B473-6F1B84B82DD1}.Release|Any CPU.ActiveCfg = Release|Any CPU
		{820D8908-004E-48C1-B473-6F1B84B82DD1}.Release|Any CPU.Build.0 = Release|Any CPU
		{9FDDBF82-7C9E-418C-8A4C-12010B0BAD24}.Debug|Any CPU.ActiveCfg = Debug|Any CPU
		{9FDDBF82-7C9E-418C-8A4C-12010B0BAD24}.Debug|Any CPU.Build.0 = Debug|Any CPU
		{9FDDBF82-7C9E-418C-8A4C-12010B0BAD24}.Release|Any CPU.ActiveCfg = Release|Any CPU
		{9FDDBF82-7C9E-418C-8A4C-12010B0BAD24}.Release|Any CPU.Build.0 = Release|Any CPU
		{37736975-F128-4702-839E-0E57A33BAD19}.Debug|Any CPU.ActiveCfg = Debug|Any CPU
		{37736975-F128-4702-839E-0E57A33BAD19}.Debug|Any CPU.Build.0 = Debug|Any CPU
		{37736975-F128-4702-839E-0E57A33BAD19}.Release|Any CPU.ActiveCfg = Release|Any CPU
		{37736975-F128-4702-839E-0E57A33BAD19}.Release|Any CPU.Build.0 = Release|Any CPU
	EndGlobalSection
	GlobalSection(SolutionProperties) = preSolution
		HideSolutionNode = FALSE
	EndGlobalSection
	GlobalSection(ExtensibilityGlobals) = postSolution
		SolutionGuid = {F4507A10-E044-4146-A66E-A28DD33A796D}
	EndGlobalSection
EndGlobal
